
Microsoft Visual Studio Solution File, Format Version 12.00
# Visual Studio 15
VisualStudioVersion = 15.0.27703.2035
MinimumVisualStudioVersion = 10.0.40219.1
Project("{FAE04EC0-301F-11D3-BF4B-00C04F79EFBC}") = "Project_24", "Project_24\Project_24.csproj", "{465BD7E7-1485-467B-86FA-CAD476B0EF80}"
EndProject
Global
	GlobalSection(SolutionConfigurationPlatforms) = preSolution
		Debug|Any CPU = Debug|Any CPU
		Release|Any CPU = Release|Any CPU
	EndGlobalSection
	GlobalSection(ProjectConfigurationPlatforms) = postSolution
		{465BD7E7-1485-467B-86FA-CAD476B0EF80}.Debug|Any CPU.ActiveCfg = Debug|Any CPU
		{465BD7E7-1485-467B-86FA-CAD476B0EF80}.Debug|Any CPU.Build.0 = Debug|Any CPU
		{465BD7E7-1485-467B-86FA-CAD476B0EF80}.Release|Any CPU.ActiveCfg = Release|Any CPU
		{465BD7E7-1485-467B-86FA-CAD476B0EF80}.Release|Any CPU.Build.0 = Release|Any CPU
	EndGlobalSection
	GlobalSection(SolutionProperties) = preSolution
		HideSolutionNode = FALSE
	EndGlobalSection
	GlobalSection(ExtensibilityGlobals) = postSolution
		SolutionGuid = {BBD6A3E4-BCF0-49AC-920A-E9B7174707E2}
	EndGlobalSection
EndGlobal
