
Microsoft Visual Studio Solution File, Format Version 12.00
# Visual Studio 15
VisualStudioVersion = 15.0.27703.2035
MinimumVisualStudioVersion = 10.0.40219.1
Project("{FAE04EC0-301F-11D3-BF4B-00C04F79EFBC}") = "Project_4", "Project_4\Project_4.csproj", "{AE679605-ECC4-4590-9343-9CEF0FF6063E}"
EndProject
Global
	GlobalSection(SolutionConfigurationPlatforms) = preSolution
		Debug|Any CPU = Debug|Any CPU
		Release|Any CPU = Release|Any CPU
	EndGlobalSection
	GlobalSection(ProjectConfigurationPlatforms) = postSolution
		{AE679605-ECC4-4590-9343-9CEF0FF6063E}.Debug|Any CPU.ActiveCfg = Debug|Any CPU
		{AE679605-ECC4-4590-9343-9CEF0FF6063E}.Debug|Any CPU.Build.0 = Debug|Any CPU
		{AE679605-ECC4-4590-9343-9CEF0FF6063E}.Release|Any CPU.ActiveCfg = Release|Any CPU
		{AE679605-ECC4-4590-9343-9CEF0FF6063E}.Release|Any CPU.Build.0 = Release|Any CPU
	EndGlobalSection
	GlobalSection(SolutionProperties) = preSolution
		HideSolutionNode = FALSE
	EndGlobalSection
	GlobalSection(ExtensibilityGlobals) = postSolution
		SolutionGuid = {F3B6B44E-6469-4E94-AAF5-FB0ACF611DF8}
	EndGlobalSection
EndGlobal
