
Microsoft Visual Studio Solution File, Format Version 12.00
# Visual Studio 15
VisualStudioVersion = 15.0.27703.2035
MinimumVisualStudioVersion = 10.0.40219.1
Project("{FAE04EC0-301F-11D3-BF4B-00C04F79EFBC}") = "Project_23", "Project_23\Project_23.csproj", "{C41E3F71-C18C-4AFF-93FA-90E812019488}"
EndProject
Global
	GlobalSection(SolutionConfigurationPlatforms) = preSolution
		Debug|Any CPU = Debug|Any CPU
		Release|Any CPU = Release|Any CPU
	EndGlobalSection
	GlobalSection(ProjectConfigurationPlatforms) = postSolution
		{C41E3F71-C18C-4AFF-93FA-90E812019488}.Debug|Any CPU.ActiveCfg = Debug|Any CPU
		{C41E3F71-C18C-4AFF-93FA-90E812019488}.Debug|Any CPU.Build.0 = Debug|Any CPU
		{C41E3F71-C18C-4AFF-93FA-90E812019488}.Release|Any CPU.ActiveCfg = Release|Any CPU
		{C41E3F71-C18C-4AFF-93FA-90E812019488}.Release|Any CPU.Build.0 = Release|Any CPU
	EndGlobalSection
	GlobalSection(SolutionProperties) = preSolution
		HideSolutionNode = FALSE
	EndGlobalSection
	GlobalSection(ExtensibilityGlobals) = postSolution
		SolutionGuid = {2606B011-F0AF-4504-BB4E-62EBBC66CF59}
	EndGlobalSection
EndGlobal
